
Microsoft Visual Studio Solution File, Format Version 12.00
# Visual Studio Version 16
VisualStudioVersion = 16.0.29411.108
MinimumVisualStudioVersion = 10.0.40219.1
Project("{FAE04EC0-301F-11D3-BF4B-00C04F79EFBC}") = "BerwynCodingProject", "BerwynCodingProject\BerwynCodingProject.csproj", "{B991D4C5-9CF7-41E8-9427-8E648F2FE020}"
EndProject
Global
	GlobalSection(SolutionConfigurationPlatforms) = preSolution
		Debug|Any CPU = Debug|Any CPU
		Release|Any CPU = Release|Any CPU
	EndGlobalSection
	GlobalSection(ProjectConfigurationPlatforms) = postSolution
		{B991D4C5-9CF7-41E8-9427-8E648F2FE020}.Debug|Any CPU.ActiveCfg = Debug|Any CPU
		{B991D4C5-9CF7-41E8-9427-8E648F2FE020}.Debug|Any CPU.Build.0 = Debug|Any CPU
		{B991D4C5-9CF7-41E8-9427-8E648F2FE020}.Release|Any CPU.ActiveCfg = Release|Any CPU
		{B991D4C5-9CF7-41E8-9427-8E648F2FE020}.Release|Any CPU.Build.0 = Release|Any CPU
	EndGlobalSection
	GlobalSection(SolutionProperties) = preSolution
		HideSolutionNode = FALSE
	EndGlobalSection
	GlobalSection(ExtensibilityGlobals) = postSolution
		SolutionGuid = {E9369E56-040A-4394-A841-D1C21593062F}
	EndGlobalSection
EndGlobal
